
Microsoft Visual Studio Solution File, Format Version 12.00
# Visual Studio Version 16
VisualStudioVersion = 16.0.31613.86
MinimumVisualStudioVersion = 10.0.40219.1
Project("{FAE04EC0-301F-11D3-BF4B-00C04F79EFBC}") = "Практическая 16.1", "Практическая 16.1.csproj", "{2E38DE31-DABA-45AD-B594-4C47E33B7ADB}"
EndProject
Global
	GlobalSection(SolutionConfigurationPlatforms) = preSolution
		Debug|Any CPU = Debug|Any CPU
		Release|Any CPU = Release|Any CPU
	EndGlobalSection
	GlobalSection(ProjectConfigurationPlatforms) = postSolution
		{2E38DE31-DABA-45AD-B594-4C47E33B7ADB}.Debug|Any CPU.ActiveCfg = Debug|Any CPU
		{2E38DE31-DABA-45AD-B594-4C47E33B7ADB}.Debug|Any CPU.Build.0 = Debug|Any CPU
		{2E38DE31-DABA-45AD-B594-4C47E33B7ADB}.Release|Any CPU.ActiveCfg = Release|Any CPU
		{2E38DE31-DABA-45AD-B594-4C47E33B7ADB}.Release|Any CPU.Build.0 = Release|Any CPU
	EndGlobalSection
	GlobalSection(SolutionProperties) = preSolution
		HideSolutionNode = FALSE
	EndGlobalSection
	GlobalSection(ExtensibilityGlobals) = postSolution
		SolutionGuid = {6EBB9B68-F922-48E7-8F8C-E26D17105E36}
	EndGlobalSection
EndGlobal
